lockfileVersion: '6.0'

settings:
  autoInstallPeers: true
  excludeLinksFromLockfile: false

dependencies:
  styled-components:
    specifier: ^6.3.8
    version: 6.4.3(react@19.2.7)

packages:

  /@emotion/is-prop-valid@1.4.0:
    resolution: {integrity: sha512-QgD4fyscGcbbKwJmqNvUMSE02OsHUa+lAWKdEUIJKgqe5IwRSKd7+KhibEWdaKwgjLj0DRSHA9biAIqGBk05lw==}
    dependencies:
      '@emotion/memoize': 0.9.0
    dev: false

  /@emotion/memoize@0.9.0:
    resolution: {integrity: sha512-30FAj7/EoJ5mwVPOWhAyCX+FPfMDrVecJAM+Iw9NRoSl4BBAQeqj4cApHHUXOVvIPgLVDsCFoz/hGD+5QQD1GQ==}
    dev: false

  /csstype@3.2.3:
    resolution: {integrity: sha512-z1HGKcYy2xA8AGQfwrn0PAy+PB7X/GSj3UVJW9qKyn43xWa+gl5nXmU4qqLMRzWVLFC8KusUX8T/0kCiOYpAIQ==}
    dev: false

  /react@19.2.7:
    resolution: {integrity: sha512-HNe9WslTbXmFK8o8cmwgAeJFSBvt1bPdHCVKtaaV+WlAN36mpT4hcRpwbf3fY56ar2oIXzsBpOAiIRHAdY0OlQ==}
    engines: {node: '>=0.10.0'}
    dev: false

  /styled-components@6.4.3(react@19.2.7):
    resolution: {integrity: sha512-wYXrhu+JmDjZ1Tv7O0OopGTfztbzun43Pjjhh2H+xc0h5A09dwpZ5FJbrifJDcL8g5TA9btpWOX2+iSRuJTExw==}
    engines: {node: '>= 16'}
    peerDependencies:
      css-to-react-native: '>= 3.2.0'
      react: '>= 16.8.0'
      react-dom: '>= 16.8.0'
      react-native: '>= 0.68.0'
    peerDependenciesMeta:
      css-to-react-native:
        optional: true
      react-dom:
        optional: true
      react-native:
        optional: true
    dependencies:
      '@emotion/is-prop-valid': 1.4.0
      csstype: 3.2.3
      react: 19.2.7
      stylis: 4.3.6
    dev: false

  /stylis@4.3.6:
    resolution: {integrity: sha512-yQ3rwFWRfwNUY7H5vpU0wfdkNSnvnJinhF9830Swlaxl03zsOjCfmX0ugac+3LtK0lYSgwL/KXc8oYL3mG4YFQ==}
    dev: false
